{
  "lib/chainlink-brownie-contracts": {
    "rev": "f82d1ac09fc5d3190600d308be99a4a509854686"
  },
  "lib/forge-std": {
    "rev": "c90c02ffa470b46d92ffaab093baeb296300870b"
  },
  "lib/foundry-devops": {
    "tag": {
      "name": "0.4.0",
      "rev": "efff097a87e70c3d15661c9f2a2daeae0b33d5d5"
    }
  },
  "lib/openzeppelin-contracts": {
    "rev": "cd05883078060e0cd8a7bd36636944570dbe1722"
  },
  "lib/openzeppelin-contracts-upgradeable": {
    "tag": {
      "name": "v5.6.1",
      "rev": "7bf4727aacdbfaa0f36cbd664654d0c9e1dc52bf"
    }
  },
  "lib/openzeppelin-foundry-upgrades": {
    "tag": {
      "name": "v0.4.1",
      "rev": "258e12e727bfe7f0ec30c51995d01ec88b82efc1"
    }
  }
}